
Microsoft Visual Studio Solution File, Format Version 12.00
# Visual Studio Version 17
VisualStudioVersion = 17.9.34723.18
MinimumVisualStudioVersion = 10.0.40219.1
Project("{FAE04EC0-301F-11D3-BF4B-00C04F79EFBC}") = "FunPayDT1", "FunPayDT1\FunPayDT1.csproj", "{CA5D4486-846C-4043-A919-CD4DFC10C504}"
EndProject
Global
	GlobalSection(SolutionConfigurationPlatforms) = preSolution
		Debug|Any CPU = Debug|Any CPU
		Release|Any CPU = Release|Any CPU
	EndGlobalSection
	GlobalSection(ProjectConfigurationPlatforms) = postSolution
		{CA5D4486-846C-4043-A919-CD4DFC10C504}.Debug|Any CPU.ActiveCfg = Debug|Any CPU
		{CA5D4486-846C-4043-A919-CD4DFC10C504}.Debug|Any CPU.Build.0 = Debug|Any CPU
		{CA5D4486-846C-4043-A919-CD4DFC10C504}.Release|Any CPU.ActiveCfg = Release|Any CPU
		{CA5D4486-846C-4043-A919-CD4DFC10C504}.Release|Any CPU.Build.0 = Release|Any CPU
	EndGlobalSection
	GlobalSection(SolutionProperties) = preSolution
		HideSolutionNode = FALSE
	EndGlobalSection
	GlobalSection(ExtensibilityGlobals) = postSolution
		SolutionGuid = {F97A3D22-F676-4B06-A784-E3C8FC36946A}
	EndGlobalSection
EndGlobal
